
Microsoft Visual Studio Solution File, Format Version 12.00
# Visual Studio 2012
Project("{FAE04EC0-301F-11D3-BF4B-00C04F79EFBC}") = "WorkAidsTools", "WorkAidsTools\WorkAidsTools.csproj", "{73C20686-00F6-4AA3-81E9-51E9D974005D}"
EndProject
Global
	GlobalSection(SolutionConfigurationPlatforms) = preSolution
		Debug|Any CPU = Debug|Any CPU
		Release|Any CPU = Release|Any CPU
	EndGlobalSection
	GlobalSection(ProjectConfigurationPlatforms) = postSolution
		{73C20686-00F6-4AA3-81E9-51E9D974005D}.Debug|Any CPU.ActiveCfg = Debug|Any CPU
		{73C20686-00F6-4AA3-81E9-51E9D974005D}.Debug|Any CPU.Build.0 = Debug|Any CPU
		{73C20686-00F6-4AA3-81E9-51E9D974005D}.Release|Any CPU.ActiveCfg = Release|Any CPU
		{73C20686-00F6-4AA3-81E9-51E9D974005D}.Release|Any CPU.Build.0 = Release|Any CPU
	EndGlobalSection
	GlobalSection(SolutionProperties) = preSolution
		HideSolutionNode = FALSE
	EndGlobalSection
EndGlobal
